
Microsoft Visual Studio Solution File, Format Version 9.00
# Visual Studio 2005
Project("{8BC9CEB8-8B4A-11D0-8D11-00A0C91BC942}") = "grid", "grid\grid.vcproj", "{3DC5F892-0E59-4D32-B4B7-8AC3F3CFBFE7}"
EndProject
Global
	GlobalSection(SolutionConfigurationPlatforms) = preSolution
		Debug|Win32 = Debug|Win32
		Release|Win32 = Release|Win32
	EndGlobalSection
	GlobalSection(ProjectConfigurationPlatforms) = postSolution
		{3DC5F892-0E59-4D32-B4B7-8AC3F3CFBFE7}.Debug|Win32.ActiveCfg = Debug|Win32
		{3DC5F892-0E59-4D32-B4B7-8AC3F3CFBFE7}.Debug|Win32.Build.0 = Debug|Win32
		{3DC5F892-0E59-4D32-B4B7-8AC3F3CFBFE7}.Release|Win32.ActiveCfg = Release|Win32
		{3DC5F892-0E59-4D32-B4B7-8AC3F3CFBFE7}.Release|Win32.Build.0 = Release|Win32
	EndGlobalSection
	GlobalSection(SolutionProperties) = preSolution
		HideSolutionNode = FALSE
	EndGlobalSection
EndGlobal
