
Microsoft Visual Studio Solution File, Format Version 9.00
# Visual Studio 2005
Project("{2150E333-8FDC-42A3-9474-1A3956D46DE8}") = "Solution Items", "Solution Items", "{CB602A57-BEE3-415A-AEEF-E1584D8C4C45}"
	ProjectSection(SolutionItems) = preProject
		hpgl.vsmdi = hpgl.vsmdi
		localtestrun.testrunconfig = localtestrun.testrunconfig
	EndProjectSection
EndProject
Project("{8BC9CEB8-8B4A-11D0-8D11-00A0C91BC942}") = "cvariogram", "msvc\cvariogram.vcproj", "{FDF030EA-03F1-4EF2-9D6C-375B29E1EB24}"
EndProject
Project("{8BC9CEB8-8B4A-11D0-8D11-00A0C91BC942}") = "hpgl-gpl", "msvc\hpgl-gpl.vcproj", "{6A8F0309-17A4-440D-8FC0-F6DC7E82BD23}"
EndProject
Global
	GlobalSection(SolutionConfigurationPlatforms) = preSolution
		Debug|Win32 = Debug|Win32
		Release|Win32 = Release|Win32
	EndGlobalSection
	GlobalSection(ProjectConfigurationPlatforms) = postSolution
		{FDF030EA-03F1-4EF2-9D6C-375B29E1EB24}.Debug|Win32.ActiveCfg = Debug|Win32
		{FDF030EA-03F1-4EF2-9D6C-375B29E1EB24}.Debug|Win32.Build.0 = Debug|Win32
		{FDF030EA-03F1-4EF2-9D6C-375B29E1EB24}.Release|Win32.ActiveCfg = Release|Win32
		{FDF030EA-03F1-4EF2-9D6C-375B29E1EB24}.Release|Win32.Build.0 = Release|Win32
		{6A8F0309-17A4-440D-8FC0-F6DC7E82BD23}.Debug|Win32.ActiveCfg = Debug|Win32
		{6A8F0309-17A4-440D-8FC0-F6DC7E82BD23}.Release|Win32.ActiveCfg = Release|Win32
	EndGlobalSection
	GlobalSection(SolutionProperties) = preSolution
		HideSolutionNode = FALSE
	EndGlobalSection
	GlobalSection(ExtensibilityGlobals) = postSolution
		AMDCaProjectFile = C:\blue_sky\hpgl\CodeAnalyst\hpgl.caw
	EndGlobalSection
EndGlobal
